{
  "name": "agnosticui-website",
  "version": "1.0.1",
  "lockfileVersion": 2,
  "requires": true,
  "packages": {
    "": {
      "name": "agnosticui-website",
      "version": "1.0.1",
      "license": "MIT",
      "dependencies": {
        "a11y-dialog": "^7.4.0",
        "agnostic-svelte": "latest",
        "agnostic-vue": "file:../agnostic-vue/agnostic-vue-1.1.0.tgz"
      },
      "devDependencies": {
        "vitepress": "^0.22.4"
      }
    },
    "node_modules/@algolia/autocomplete-core": {
      "version": "1.5.2",
      "dev": true,
      "license": "MIT",
      "dependencies": {
        "@algolia/autocomplete-shared": "1.5.2"
      }
    },
    "node_modules/@algolia/autocomplete-preset-algolia": {
      "version": "1.5.2",
      "dev": true,
      "license": "MIT",
      "dependencies": {
        "@algolia/autocomplete-shared": "1.5.2"
      },
      "peerDependencies": {
        "@algolia/client-search": "^4.9.1",
        "algoliasearch": "^4.9.1"
      }
    },
    "node_modules/@algolia/autocomplete-shared": {
      "version": "1.5.2",
      "dev": true,
      "license": "MIT"
    },
    "node_modules/@algolia/cache-browser-local-storage": {
      "version": "4.13.0",
      "dev": true,
      "license": "MIT",
      "dependencies": {
        "@algolia/cache-common": "4.13.0"
      }
    },
    "node_modules/@algolia/cache-common": {
      "version": "4.13.0",
      "dev": true,
      "license": "MIT"
    },
    "node_modules/@algolia/cache-in-memory": {
      "version": "4.13.0",
      "dev": true,
      "license": "MIT",
      "dependencies": {
        "@algolia/cache-common": "4.13.0"
      }
    },
    "node_modules/@algolia/client-account": {
      "version": "4.13.0",
      "dev": true,
      "license": "MIT",
      "dependencies": {
        "@algolia/client-common": "4.13.0",
        "@algolia/client-search": "4.13.0",
        "@algolia/transporter": "4.13.0"
      }
    },
    "node_modules/@algolia/client-analytics": {
      "version": "4.13.0",
      "dev": true,
      "license": "MIT",
      "dependencies": {
        "@algolia/client-common": "4.13.0",
        "@algolia/client-search": "4.13.0",
        "@algolia/requester-common": "4.13.0",
        "@algolia/transporter": "4.13.0"
      }
    },
    "node_modules/@algolia/client-common": {
      "version": "4.13.0",
      "dev": true,
      "license": "MIT",
      "dependencies": {
        "@algolia/requester-common": "4.13.0",
        "@algolia/transporter": "4.13.0"
      }
    },
    "node_modules/@algolia/client-personalization": {
      "version": "4.13.0",
      "dev": true,
      "license": "MIT",
      "dependencies": {
        "@algolia/client-common": "4.13.0",
        "@algolia/requester-common": "4.13.0",
        "@algolia/transporter": "4.13.0"
      }
    },
    "node_modules/@algolia/client-search": {
      "version": "4.13.0",
      "dev": true,
      "license": "MIT",
      "dependencies": {
        "@algolia/client-common": "4.13.0",
        "@algolia/requester-common": "4.13.0",
        "@algolia/transporter": "4.13.0"
      }
    },
    "node_modules/@algolia/logger-common": {
      "version": "4.13.0",
      "dev": true,
      "license": "MIT"
    },
    "node_modules/@algolia/logger-console": {
      "version": "4.13.0",
      "dev": true,
      "license": "MIT",
      "dependencies": {
        "@algolia/logger-common": "4.13.0"
      }
    },
    "node_modules/@algolia/requester-browser-xhr": {
      "version": "4.13.0",
      "dev": true,
      "license": "MIT",
      "dependencies": {
        "@algolia/requester-common": "4.13.0"
      }
    },
    "node_modules/@algolia/requester-common": {
      "version": "4.13.0",
      "dev": true,
      "license": "MIT"
    },
    "node_modules/@algolia/requester-node-http": {
      "version": "4.13.0",
      "dev": true,
      "license": "MIT",
      "dependencies": {
        "@algolia/requester-common": "4.13.0"
      }
    },
    "node_modules/@algolia/transporter": {
      "version": "4.13.0",
      "dev": true,
      "license": "MIT",
      "dependencies": {
        "@algolia/cache-common": "4.13.0",
        "@algolia/logger-common": "4.13.0",
        "@algolia/requester-common": "4.13.0"
      }
    },
    "node_modules/@babel/parser": {
      "version": "7.17.10",
      "license": "MIT",
      "bin": {
        "parser": "bin/babel-parser.js"
      },
      "engines": {
        "node": ">=6.0.0"
      }
    },
    "node_modules/@docsearch/css": {
      "version": "3.0.0",
      "dev": true,
      "license": "MIT"
    },
    "node_modules/@docsearch/js": {
      "version": "3.0.0",
      "dev": true,
      "license": "MIT",
      "dependencies": {
        "@docsearch/react": "3.0.0",
        "preact": "^10.0.0"
      }
    },
    "node_modules/@docsearch/react": {
      "version": "3.0.0",
      "dev": true,
      "license": "MIT",
      "dependencies": {
        "@algolia/autocomplete-core": "1.5.2",
        "@algolia/autocomplete-preset-algolia": "1.5.2",
        "@docsearch/css": "3.0.0",
        "algoliasearch": "^4.0.0"
      },
      "peerDependencies": {
        "@types/react": ">= 16.8.0 < 18.0.0",
        "react": ">= 16.8.0 < 18.0.0",
        "react-dom": ">= 16.8.0 < 18.0.0"
      }
    },
    "node_modules/@types/prop-types": {
      "version": "15.7.5",
      "dev": true,
      "license": "MIT",
      "peer": true
    },
    "node_modules/@types/react": {
      "version": "17.0.44",
      "dev": true,
      "license": "MIT",
      "peer": true,
      "dependencies": {
        "@types/prop-types": "*",
        "@types/scheduler": "*",
        "csstype": "^3.0.2"
      }
    },
    "node_modules/@types/scheduler": {
      "version": "0.16.2",
      "dev": true,
      "license": "MIT",
      "peer": true
    },
    "node_modules/@vitejs/plugin-vue": {
      "version": "2.3.3",
      "dev": true,
      "license": "MIT",
      "engines": {
        "node": ">=12.0.0"
      },
      "peerDependencies": {
        "vite": "^2.5.10",
        "vue": "^3.2.25"
      }
    },
    "node_modules/@vue/compiler-core": {
      "version": "3.2.33",
      "license": "MIT",
      "dependencies": {
        "@babel/parser": "^7.16.4",
        "@vue/shared": "3.2.33",
        "estree-walker": "^2.0.2",
        "source-map": "^0.6.1"
      }
    },
    "node_modules/@vue/compiler-dom": {
      "version": "3.2.33",
      "license": "MIT",
      "dependencies": {
        "@vue/compiler-core": "3.2.33",
        "@vue/shared": "3.2.33"
      }
    },
    "node_modules/@vue/compiler-sfc": {
      "version": "3.2.33",
      "license": "MIT",
      "dependencies": {
        "@babel/parser": "^7.16.4",
        "@vue/compiler-core": "3.2.33",
        "@vue/compiler-dom": "3.2.33",
        "@vue/compiler-ssr": "3.2.33",
        "@vue/reactivity-transform": "3.2.33",
        "@vue/shared": "3.2.33",
        "estree-walker": "^2.0.2",
        "magic-string": "^0.25.7",
        "postcss": "^8.1.10",
        "source-map": "^0.6.1"
      }
    },
    "node_modules/@vue/compiler-ssr": {
      "version": "3.2.33",
      "license": "MIT",
      "dependencies": {
        "@vue/compiler-dom": "3.2.33",
        "@vue/shared": "3.2.33"
      }
    },
    "node_modules/@vue/reactivity": {
      "version": "3.2.33",
      "license": "MIT",
      "dependencies": {
        "@vue/shared": "3.2.33"
      }
    },
    "node_modules/@vue/reactivity-transform": {
      "version": "3.2.33",
      "license": "MIT",
      "dependencies": {
        "@babel/parser": "^7.16.4",
        "@vue/compiler-core": "3.2.33",
        "@vue/shared": "3.2.33",
        "estree-walker": "^2.0.2",
        "magic-string": "^0.25.7"
      }
    },
    "node_modules/@vue/runtime-core": {
      "version": "3.2.33",
      "license": "MIT",
      "dependencies": {
        "@vue/reactivity": "3.2.33",
        "@vue/shared": "3.2.33"
      }
    },
    "node_modules/@vue/runtime-dom": {
      "version": "3.2.33",
      "license": "MIT",
      "dependencies": {
        "@vue/runtime-core": "3.2.33",
        "@vue/shared": "3.2.33",
        "csstype": "^2.6.8"
      }
    },
    "node_modules/@vue/runtime-dom/node_modules/csstype": {
      "version": "2.6.20",
      "license": "MIT"
    },
    "node_modules/@vue/server-renderer": {
      "version": "3.2.33",
      "license": "MIT",
      "dependencies": {
        "@vue/compiler-ssr": "3.2.33",
        "@vue/shared": "3.2.33"
      },
      "peerDependencies": {
        "vue": "3.2.33"
      }
    },
    "node_modules/@vue/shared": {
      "version": "3.2.33",
      "license": "MIT"
    },
    "node_modules/a11y-dialog": {
      "version": "7.4.0",
      "license": "MIT",
      "dependencies": {
        "focusable-selectors": "^0.3.1"
      }
    },
    "node_modules/agnostic-helpers": {
      "version": "1.0.2",
      "license": "Apache-2.0"
    },
    "node_modules/agnostic-svelte": {
      "version": "1.1.23",
      "resolved": "https://registry.npmjs.org/agnostic-svelte/-/agnostic-svelte-1.1.23.tgz",
      "integrity": "sha512-r59GI7KEFWtDhr9isDxxTogREaLIZtmubrUYjReZOK5AsBqhtaJz9Ol1heAGjGYnC+XcT6bOhMl6ZWggc5pnHw==",
      "dependencies": {
        "agnostic-helpers": "^1.0.2",
        "svelte-a11y-dialog": "^0.2.0"
      }
    },
    "node_modules/agnostic-vue": {
      "version": "1.1.0",
      "resolved": "file:../agnostic-vue/agnostic-vue-1.1.0.tgz",
      "integrity": "sha512-8ZmKtOJiuSJDifa2dmkeqJn89PfZQte0j2V31oZ6J9DGsMwfAP17M7svxq7ev8MdxbkM18fvgizK/DDxMb9/+A==",
      "license": "Apache-2.0",
      "dependencies": {
        "agnostic-helpers": "^1.0.2",
        "vue": "^3.2.25",
        "vue-a11y-dialog": "^1.1.2"
      }
    },
    "node_modules/algoliasearch": {
      "version": "4.13.0",
      "dev": true,
      "license": "MIT",
      "dependencies": {
        "@algolia/cache-browser-local-storage": "4.13.0",
        "@algolia/cache-common": "4.13.0",
        "@algolia/cache-in-memory": "4.13.0",
        "@algolia/client-account": "4.13.0",
        "@algolia/client-analytics": "4.13.0",
        "@algolia/client-common": "4.13.0",
        "@algolia/client-personalization": "4.13.0",
        "@algolia/client-search": "4.13.0",
        "@algolia/logger-common": "4.13.0",
        "@algolia/logger-console": "4.13.0",
        "@algolia/requester-browser-xhr": "4.13.0",
        "@algolia/requester-common": "4.13.0",
        "@algolia/requester-node-http": "4.13.0",
        "@algolia/transporter": "4.13.0"
      }
    },
    "node_modules/csstype": {
      "version": "3.0.11",
      "dev": true,
      "license": "MIT",
      "peer": true
    },
    "node_modules/esbuild": {
      "version": "0.14.39",
      "dev": true,
      "hasInstallScript": true,
      "license": "MIT",
      "bin": {
        "esbuild": "bin/esbuild"
      },
      "engines": {
        "node": ">=12"
      },
      "optionalDependencies": {
        "esbuild-android-64": "0.14.39",
        "esbuild-android-arm64": "0.14.39",
        "esbuild-darwin-64": "0.14.39",
        "esbuild-darwin-arm64": "0.14.39",
        "esbuild-freebsd-64": "0.14.39",
        "esbuild-freebsd-arm64": "0.14.39",
        "esbuild-linux-32": "0.14.39",
        "esbuild-linux-64": "0.14.39",
        "esbuild-linux-arm": "0.14.39",
        "esbuild-linux-arm64": "0.14.39",
        "esbuild-linux-mips64le": "0.14.39",
        "esbuild-linux-ppc64le": "0.14.39",
        "esbuild-linux-riscv64": "0.14.39",
        "esbuild-linux-s390x": "0.14.39",
        "esbuild-netbsd-64": "0.14.39",
        "esbuild-openbsd-64": "0.14.39",
        "esbuild-sunos-64": "0.14.39",
        "esbuild-windows-32": "0.14.39",
        "esbuild-windows-64": "0.14.39",
        "esbuild-windows-arm64": "0.14.39"
      }
    },
    "node_modules/esbuild-darwin-64": {
      "version": "0.14.39",
      "cpu": [
        "x64"
      ],
      "dev": true,
      "license": "MIT",
      "optional": true,
      "os": [
        "darwin"
      ],
      "engines": {
        "node": ">=12"
      }
    },
    "node_modules/estree-walker": {
      "version": "2.0.2",
      "license": "MIT"
    },
    "node_modules/focusable-selectors": {
      "version": "0.3.1",
      "license": "MIT"
    },
    "node_modules/fsevents": {
      "version": "2.3.2",
      "dev": true,
      "license": "MIT",
      "optional": true,
      "os": [
        "darwin"
      ],
      "engines": {
        "node": "^8.16.0 || ^10.6.0 || >=11.0.0"
      }
    },
    "node_modules/function-bind": {
      "version": "1.1.1",
      "dev": true,
      "license": "MIT"
    },
    "node_modules/has": {
      "version": "1.0.3",
      "dev": true,
      "license": "MIT",
      "dependencies": {
        "function-bind": "^1.1.1"
      },
      "engines": {
        "node": ">= 0.4.0"
      }
    },
    "node_modules/is-core-module": {
      "version": "2.9.0",
      "dev": true,
      "license": "MIT",
      "dependencies": {
        "has": "^1.0.3"
      },
      "funding": {
        "url": "https://github.com/sponsors/ljharb"
      }
    },
    "node_modules/js-tokens": {
      "version": "4.0.0",
      "dev": true,
      "license": "MIT",
      "peer": true
    },
    "node_modules/loose-envify": {
      "version": "1.4.0",
      "dev": true,
      "license": "MIT",
      "peer": true,
      "dependencies": {
        "js-tokens": "^3.0.0 || ^4.0.0"
      },
      "bin": {
        "loose-envify": "cli.js"
      }
    },
    "node_modules/magic-string": {
      "version": "0.25.9",
      "license": "MIT",
      "dependencies": {
        "sourcemap-codec": "^1.4.8"
      }
    },
    "node_modules/nanoid": {
      "version": "3.3.4",
      "license": "MIT",
      "bin": {
        "nanoid": "bin/nanoid.cjs"
      },
      "engines": {
        "node": "^10 || ^12 || ^13.7 || ^14 || >=15.0.1"
      }
    },
    "node_modules/object-assign": {
      "version": "4.1.1",
      "dev": true,
      "license": "MIT",
      "peer": true,
      "engines": {
        "node": ">=0.10.0"
      }
    },
    "node_modules/path-parse": {
      "version": "1.0.7",
      "dev": true,
      "license": "MIT"
    },
    "node_modules/picocolors": {
      "version": "1.0.0",
      "license": "ISC"
    },
    "node_modules/postcss": {
      "version": "8.4.13",
      "funding": [
        {
          "type": "opencollective",
          "url": "https://opencollective.com/postcss/"
        },
        {
          "type": "tidelift",
          "url": "https://tidelift.com/funding/github/npm/postcss"
        }
      ],
      "license": "MIT",
      "dependencies": {
        "nanoid": "^3.3.3",
        "picocolors": "^1.0.0",
        "source-map-js": "^1.0.2"
      },
      "engines": {
        "node": "^10 || ^12 || >=14"
      }
    },
    "node_modules/preact": {
      "version": "10.7.1",
      "dev": true,
      "license": "MIT",
      "funding": {
        "type": "opencollective",
        "url": "https://opencollective.com/preact"
      }
    },
    "node_modules/prismjs": {
      "version": "1.27.0",
      "dev": true,
      "license": "MIT",
      "engines": {
        "node": ">=6"
      }
    },
    "node_modules/react": {
      "version": "17.0.2",
      "dev": true,
      "license": "MIT",
      "peer": true,
      "dependencies": {
        "loose-envify": "^1.1.0",
        "object-assign": "^4.1.1"
      },
      "engines": {
        "node": ">=0.10.0"
      }
    },
    "node_modules/react-dom": {
      "version": "17.0.2",
      "dev": true,
      "license": "MIT",
      "peer": true,
      "dependencies": {
        "loose-envify": "^1.1.0",
        "object-assign": "^4.1.1",
        "scheduler": "^0.20.2"
      },
      "peerDependencies": {
        "react": "17.0.2"
      }
    },
    "node_modules/resolve": {
      "version": "1.22.0",
      "dev": true,
      "license": "MIT",
      "dependencies": {
        "is-core-module": "^2.8.1",
        "path-parse": "^1.0.7",
        "supports-preserve-symlinks-flag": "^1.0.0"
      },
      "bin": {
        "resolve": "bin/resolve"
      },
      "funding": {
        "url": "https://github.com/sponsors/ljharb"
      }
    },
    "node_modules/rollup": {
      "version": "2.72.1",
      "dev": true,
      "license": "MIT",
      "bin": {
        "rollup": "dist/bin/rollup"
      },
      "engines": {
        "node": ">=10.0.0"
      },
      "optionalDependencies": {
        "fsevents": "~2.3.2"
      }
    },
    "node_modules/scheduler": {
      "version": "0.20.2",
      "dev": true,
      "license": "MIT",
      "peer": true,
      "dependencies": {
        "loose-envify": "^1.1.0",
        "object-assign": "^4.1.1"
      }
    },
    "node_modules/source-map": {
      "version": "0.6.1",
      "license": "BSD-3-Clause",
      "engines": {
        "node": ">=0.10.0"
      }
    },
    "node_modules/source-map-js": {
      "version": "1.0.2",
      "license": "BSD-3-Clause",
      "engines": {
        "node": ">=0.10.0"
      }
    },
    "node_modules/sourcemap-codec": {
      "version": "1.4.8",
      "license": "MIT"
    },
    "node_modules/supports-preserve-symlinks-flag": {
      "version": "1.0.0",
      "dev": true,
      "license": "MIT",
      "engines": {
        "node": ">= 0.4"
      },
      "funding": {
        "url": "https://github.com/sponsors/ljharb"
      }
    },
    "node_modules/svelte": {
      "version": "3.47.0",
      "license": "MIT",
      "peer": true,
      "engines": {
        "node": ">= 8"
      }
    },
    "node_modules/svelte-a11y-dialog": {
      "version": "0.2.0",
      "license": "MIT",
      "dependencies": {
        "a11y-dialog": "^7.3.0"
      },
      "peerDependencies": {
        "svelte": "^3.44.0"
      }
    },
    "node_modules/vite": {
      "version": "2.9.9",
      "dev": true,
      "license": "MIT",
      "dependencies": {
        "esbuild": "^0.14.27",
        "postcss": "^8.4.13",
        "resolve": "^1.22.0",
        "rollup": "^2.59.0"
      },
      "bin": {
        "vite": "bin/vite.js"
      },
      "engines": {
        "node": ">=12.2.0"
      },
      "optionalDependencies": {
        "fsevents": "~2.3.2"
      },
      "peerDependencies": {
        "less": "*",
        "sass": "*",
        "stylus": "*"
      },
      "peerDependenciesMeta": {
        "less": {
          "optional": true
        },
        "sass": {
          "optional": true
        },
        "stylus": {
          "optional": true
        }
      }
    },
    "node_modules/vitepress": {
      "version": "0.22.4",
      "dev": true,
      "license": "MIT",
      "dependencies": {
        "@docsearch/css": "^3.0.0",
        "@docsearch/js": "^3.0.0",
        "@vitejs/plugin-vue": "^2.3.2",
        "prismjs": "^1.25.0",
        "vite": "^2.9.7",
        "vue": "^3.2.33"
      },
      "bin": {
        "vitepress": "bin/vitepress.js"
      },
      "engines": {
        "node": ">=14.0.0"
      }
    },
    "node_modules/vue": {
      "version": "3.2.33",
      "license": "MIT",
      "dependencies": {
        "@vue/compiler-dom": "3.2.33",
        "@vue/compiler-sfc": "3.2.33",
        "@vue/runtime-dom": "3.2.33",
        "@vue/server-renderer": "3.2.33",
        "@vue/shared": "3.2.33"
      }
    },
    "node_modules/vue-a11y-dialog": {
      "version": "1.1.2",
      "resolved": "https://registry.npmjs.org/vue-a11y-dialog/-/vue-a11y-dialog-1.1.2.tgz",
      "integrity": "sha512-GgeWk+DMHdqfDDxkrGlMywvCqrYcqPhL+nPnAWMBDNSvxMXAWoOByl6sz+i4vu+vvgalCR+qDJr7h98eWdMO5A==",
      "dependencies": {
        "a11y-dialog": "^7.3.0",
        "vue": "^3.2.26"
      },
      "peerDependencies": {
        "vue": "^3.2.26"
      }
    }
  },
  "dependencies": {
    "@algolia/autocomplete-core": {
      "version": "1.5.2",
      "dev": true,
      "requires": {
        "@algolia/autocomplete-shared": "1.5.2"
      }
    },
    "@algolia/autocomplete-preset-algolia": {
      "version": "1.5.2",
      "dev": true,
      "requires": {
        "@algolia/autocomplete-shared": "1.5.2"
      }
    },
    "@algolia/autocomplete-shared": {
      "version": "1.5.2",
      "dev": true
    },
    "@algolia/cache-browser-local-storage": {
      "version": "4.13.0",
      "dev": true,
      "requires": {
        "@algolia/cache-common": "4.13.0"
      }
    },
    "@algolia/cache-common": {
      "version": "4.13.0",
      "dev": true
    },
    "@algolia/cache-in-memory": {
      "version": "4.13.0",
      "dev": true,
      "requires": {
        "@algolia/cache-common": "4.13.0"
      }
    },
    "@algolia/client-account": {
      "version": "4.13.0",
      "dev": true,
      "requires": {
        "@algolia/client-common": "4.13.0",
        "@algolia/client-search": "4.13.0",
        "@algolia/transporter": "4.13.0"
      }
    },
    "@algolia/client-analytics": {
      "version": "4.13.0",
      "dev": true,
      "requires": {
        "@algolia/client-common": "4.13.0",
        "@algolia/client-search": "4.13.0",
        "@algolia/requester-common": "4.13.0",
        "@algolia/transporter": "4.13.0"
      }
    },
    "@algolia/client-common": {
      "version": "4.13.0",
      "dev": true,
      "requires": {
        "@algolia/requester-common": "4.13.0",
        "@algolia/transporter": "4.13.0"
      }
    },
    "@algolia/client-personalization": {
      "version": "4.13.0",
      "dev": true,
      "requires": {
        "@algolia/client-common": "4.13.0",
        "@algolia/requester-common": "4.13.0",
        "@algolia/transporter": "4.13.0"
      }
    },
    "@algolia/client-search": {
      "version": "4.13.0",
      "dev": true,
      "requires": {
        "@algolia/client-common": "4.13.0",
        "@algolia/requester-common": "4.13.0",
        "@algolia/transporter": "4.13.0"
      }
    },
    "@algolia/logger-common": {
      "version": "4.13.0",
      "dev": true
    },
    "@algolia/logger-console": {
      "version": "4.13.0",
      "dev": true,
      "requires": {
        "@algolia/logger-common": "4.13.0"
      }
    },
    "@algolia/requester-browser-xhr": {
      "version": "4.13.0",
      "dev": true,
      "requires": {
        "@algolia/requester-common": "4.13.0"
      }
    },
    "@algolia/requester-common": {
      "version": "4.13.0",
      "dev": true
    },
    "@algolia/requester-node-http": {
      "version": "4.13.0",
      "dev": true,
      "requires": {
        "@algolia/requester-common": "4.13.0"
      }
    },
    "@algolia/transporter": {
      "version": "4.13.0",
      "dev": true,
      "requires": {
        "@algolia/cache-common": "4.13.0",
        "@algolia/logger-common": "4.13.0",
        "@algolia/requester-common": "4.13.0"
      }
    },
    "@babel/parser": {
      "version": "7.17.10"
    },
    "@docsearch/css": {
      "version": "3.0.0",
      "dev": true
    },
    "@docsearch/js": {
      "version": "3.0.0",
      "dev": true,
      "requires": {
        "@docsearch/react": "3.0.0",
        "preact": "^10.0.0"
      }
    },
    "@docsearch/react": {
      "version": "3.0.0",
      "dev": true,
      "requires": {
        "@algolia/autocomplete-core": "1.5.2",
        "@algolia/autocomplete-preset-algolia": "1.5.2",
        "@docsearch/css": "3.0.0",
        "algoliasearch": "^4.0.0"
      }
    },
    "@types/prop-types": {
      "version": "15.7.5",
      "dev": true,
      "peer": true
    },
    "@types/react": {
      "version": "17.0.44",
      "dev": true,
      "peer": true,
      "requires": {
        "@types/prop-types": "*",
        "@types/scheduler": "*",
        "csstype": "^3.0.2"
      }
    },
    "@types/scheduler": {
      "version": "0.16.2",
      "dev": true,
      "peer": true
    },
    "@vitejs/plugin-vue": {
      "version": "2.3.3",
      "dev": true,
      "requires": {}
    },
    "@vue/compiler-core": {
      "version": "3.2.33",
      "requires": {
        "@babel/parser": "^7.16.4",
        "@vue/shared": "3.2.33",
        "estree-walker": "^2.0.2",
        "source-map": "^0.6.1"
      }
    },
    "@vue/compiler-dom": {
      "version": "3.2.33",
      "requires": {
        "@vue/compiler-core": "3.2.33",
        "@vue/shared": "3.2.33"
      }
    },
    "@vue/compiler-sfc": {
      "version": "3.2.33",
      "requires": {
        "@babel/parser": "^7.16.4",
        "@vue/compiler-core": "3.2.33",
        "@vue/compiler-dom": "3.2.33",
        "@vue/compiler-ssr": "3.2.33",
        "@vue/reactivity-transform": "3.2.33",
        "@vue/shared": "3.2.33",
        "estree-walker": "^2.0.2",
        "magic-string": "^0.25.7",
        "postcss": "^8.1.10",
        "source-map": "^0.6.1"
      }
    },
    "@vue/compiler-ssr": {
      "version": "3.2.33",
      "requires": {
        "@vue/compiler-dom": "3.2.33",
        "@vue/shared": "3.2.33"
      }
    },
    "@vue/reactivity": {
      "version": "3.2.33",
      "requires": {
        "@vue/shared": "3.2.33"
      }
    },
    "@vue/reactivity-transform": {
      "version": "3.2.33",
      "requires": {
        "@babel/parser": "^7.16.4",
        "@vue/compiler-core": "3.2.33",
        "@vue/shared": "3.2.33",
        "estree-walker": "^2.0.2",
        "magic-string": "^0.25.7"
      }
    },
    "@vue/runtime-core": {
      "version": "3.2.33",
      "requires": {
        "@vue/reactivity": "3.2.33",
        "@vue/shared": "3.2.33"
      }
    },
    "@vue/runtime-dom": {
      "version": "3.2.33",
      "requires": {
        "@vue/runtime-core": "3.2.33",
        "@vue/shared": "3.2.33",
        "csstype": "^2.6.8"
      },
      "dependencies": {
        "csstype": {
          "version": "2.6.20"
        }
      }
    },
    "@vue/server-renderer": {
      "version": "3.2.33",
      "requires": {
        "@vue/compiler-ssr": "3.2.33",
        "@vue/shared": "3.2.33"
      }
    },
    "@vue/shared": {
      "version": "3.2.33"
    },
    "a11y-dialog": {
      "version": "7.4.0",
      "requires": {
        "focusable-selectors": "^0.3.1"
      }
    },
    "agnostic-helpers": {
      "version": "1.0.2"
    },
    "agnostic-svelte": {
      "version": "1.1.23",
      "resolved": "https://registry.npmjs.org/agnostic-svelte/-/agnostic-svelte-1.1.23.tgz",
      "integrity": "sha512-r59GI7KEFWtDhr9isDxxTogREaLIZtmubrUYjReZOK5AsBqhtaJz9Ol1heAGjGYnC+XcT6bOhMl6ZWggc5pnHw==",
      "requires": {
        "agnostic-helpers": "^1.0.2",
        "svelte-a11y-dialog": "^0.2.0"
      }
    },
    "agnostic-vue": {
      "version": "file:../agnostic-vue/agnostic-vue-1.1.0.tgz",
      "integrity": "sha512-8ZmKtOJiuSJDifa2dmkeqJn89PfZQte0j2V31oZ6J9DGsMwfAP17M7svxq7ev8MdxbkM18fvgizK/DDxMb9/+A==",
      "requires": {
        "agnostic-helpers": "^1.0.2",
        "vue": "^3.2.25",
        "vue-a11y-dialog": "^1.1.2"
      }
    },
    "algoliasearch": {
      "version": "4.13.0",
      "dev": true,
      "requires": {
        "@algolia/cache-browser-local-storage": "4.13.0",
        "@algolia/cache-common": "4.13.0",
        "@algolia/cache-in-memory": "4.13.0",
        "@algolia/client-account": "4.13.0",
        "@algolia/client-analytics": "4.13.0",
        "@algolia/client-common": "4.13.0",
        "@algolia/client-personalization": "4.13.0",
        "@algolia/client-search": "4.13.0",
        "@algolia/logger-common": "4.13.0",
        "@algolia/logger-console": "4.13.0",
        "@algolia/requester-browser-xhr": "4.13.0",
        "@algolia/requester-common": "4.13.0",
        "@algolia/requester-node-http": "4.13.0",
        "@algolia/transporter": "4.13.0"
      }
    },
    "csstype": {
      "version": "3.0.11",
      "dev": true,
      "peer": true
    },
    "esbuild": {
      "version": "0.14.39",
      "dev": true,
      "requires": {
        "esbuild-android-64": "0.14.39",
        "esbuild-android-arm64": "0.14.39",
        "esbuild-darwin-64": "0.14.39",
        "esbuild-darwin-arm64": "0.14.39",
        "esbuild-freebsd-64": "0.14.39",
        "esbuild-freebsd-arm64": "0.14.39",
        "esbuild-linux-32": "0.14.39",
        "esbuild-linux-64": "0.14.39",
        "esbuild-linux-arm": "0.14.39",
        "esbuild-linux-arm64": "0.14.39",
        "esbuild-linux-mips64le": "0.14.39",
        "esbuild-linux-ppc64le": "0.14.39",
        "esbuild-linux-riscv64": "0.14.39",
        "esbuild-linux-s390x": "0.14.39",
        "esbuild-netbsd-64": "0.14.39",
        "esbuild-openbsd-64": "0.14.39",
        "esbuild-sunos-64": "0.14.39",
        "esbuild-windows-32": "0.14.39",
        "esbuild-windows-64": "0.14.39",
        "esbuild-windows-arm64": "0.14.39"
      }
    },
    "esbuild-darwin-64": {
      "version": "0.14.39",
      "dev": true,
      "optional": true
    },
    "estree-walker": {
      "version": "2.0.2"
    },
    "focusable-selectors": {
      "version": "0.3.1"
    },
    "fsevents": {
      "version": "2.3.2",
      "dev": true,
      "optional": true
    },
    "function-bind": {
      "version": "1.1.1",
      "dev": true
    },
    "has": {
      "version": "1.0.3",
      "dev": true,
      "requires": {
        "function-bind": "^1.1.1"
      }
    },
    "is-core-module": {
      "version": "2.9.0",
      "dev": true,
      "requires": {
        "has": "^1.0.3"
      }
    },
    "js-tokens": {
      "version": "4.0.0",
      "dev": true,
      "peer": true
    },
    "loose-envify": {
      "version": "1.4.0",
      "dev": true,
      "peer": true,
      "requires": {
        "js-tokens": "^3.0.0 || ^4.0.0"
      }
    },
    "magic-string": {
      "version": "0.25.9",
      "requires": {
        "sourcemap-codec": "^1.4.8"
      }
    },
    "nanoid": {
      "version": "3.3.4"
    },
    "object-assign": {
      "version": "4.1.1",
      "dev": true,
      "peer": true
    },
    "path-parse": {
      "version": "1.0.7",
      "dev": true
    },
    "picocolors": {
      "version": "1.0.0"
    },
    "postcss": {
      "version": "8.4.13",
      "requires": {
        "nanoid": "^3.3.3",
        "picocolors": "^1.0.0",
        "source-map-js": "^1.0.2"
      }
    },
    "preact": {
      "version": "10.7.1",
      "dev": true
    },
    "prismjs": {
      "version": "1.27.0",
      "dev": true
    },
    "react": {
      "version": "17.0.2",
      "dev": true,
      "peer": true,
      "requires": {
        "loose-envify": "^1.1.0",
        "object-assign": "^4.1.1"
      }
    },
    "react-dom": {
      "version": "17.0.2",
      "dev": true,
      "peer": true,
      "requires": {
        "loose-envify": "^1.1.0",
        "object-assign": "^4.1.1",
        "scheduler": "^0.20.2"
      }
    },
    "resolve": {
      "version": "1.22.0",
      "dev": true,
      "requires": {
        "is-core-module": "^2.8.1",
        "path-parse": "^1.0.7",
        "supports-preserve-symlinks-flag": "^1.0.0"
      }
    },
    "rollup": {
      "version": "2.72.1",
      "dev": true,
      "requires": {
        "fsevents": "~2.3.2"
      }
    },
    "scheduler": {
      "version": "0.20.2",
      "dev": true,
      "peer": true,
      "requires": {
        "loose-envify": "^1.1.0",
        "object-assign": "^4.1.1"
      }
    },
    "source-map": {
      "version": "0.6.1"
    },
    "source-map-js": {
      "version": "1.0.2"
    },
    "sourcemap-codec": {
      "version": "1.4.8"
    },
    "supports-preserve-symlinks-flag": {
      "version": "1.0.0",
      "dev": true
    },
    "svelte": {
      "version": "3.47.0",
      "peer": true
    },
    "svelte-a11y-dialog": {
      "version": "0.2.0",
      "requires": {
        "a11y-dialog": "^7.3.0"
      }
    },
    "vite": {
      "version": "2.9.9",
      "dev": true,
      "requires": {
        "esbuild": "^0.14.27",
        "fsevents": "~2.3.2",
        "postcss": "^8.4.13",
        "resolve": "^1.22.0",
        "rollup": "^2.59.0"
      }
    },
    "vitepress": {
      "version": "0.22.4",
      "dev": true,
      "requires": {
        "@docsearch/css": "^3.0.0",
        "@docsearch/js": "^3.0.0",
        "@vitejs/plugin-vue": "^2.3.2",
        "prismjs": "^1.25.0",
        "vite": "^2.9.7",
        "vue": "^3.2.33"
      }
    },
    "vue": {
      "version": "3.2.33",
      "requires": {
        "@vue/compiler-dom": "3.2.33",
        "@vue/compiler-sfc": "3.2.33",
        "@vue/runtime-dom": "3.2.33",
        "@vue/server-renderer": "3.2.33",
        "@vue/shared": "3.2.33"
      }
    },
    "vue-a11y-dialog": {
      "version": "1.1.2",
      "resolved": "https://registry.npmjs.org/vue-a11y-dialog/-/vue-a11y-dialog-1.1.2.tgz",
      "integrity": "sha512-GgeWk+DMHdqfDDxkrGlMywvCqrYcqPhL+nPnAWMBDNSvxMXAWoOByl6sz+i4vu+vvgalCR+qDJr7h98eWdMO5A==",
      "requires": {
        "a11y-dialog": "^7.3.0",
        "vue": "^3.2.26"
      }
    }
  }
}
