# THIS IS AN AUTOGENERATED FILE. DO NOT EDIT THIS FILE DIRECTLY.
# yarn lockfile v1


"@algolia/autocomplete-core@1.5.2":
  "integrity" "sha512-DY0bhyczFSS1b/CqJlTE/nQRtnTAHl6IemIkBy0nEWnhDzRDdtdx4p5Uuk3vwAFxwEEgi1WqKwgSSMx6DpNL4A=="
  "resolved" "https://registry.npmjs.org/@algolia/autocomplete-core/-/autocomplete-core-1.5.2.tgz"
  "version" "1.5.2"
  dependencies:
    "@algolia/autocomplete-shared" "1.5.2"

"@algolia/autocomplete-preset-algolia@1.5.2":
  "integrity" "sha512-3MRYnYQFJyovANzSX2CToS6/5cfVjbLLqFsZTKcvF3abhQzxbqwwaMBlJtt620uBUOeMzhdfasKhCc40+RHiZw=="
  "resolved" "https://registry.npmjs.org/@algolia/autocomplete-preset-algolia/-/autocomplete-preset-algolia-1.5.2.tgz"
  "version" "1.5.2"
  dependencies:
    "@algolia/autocomplete-shared" "1.5.2"

"@algolia/autocomplete-shared@1.5.2":
  "integrity" "sha512-ylQAYv5H0YKMfHgVWX0j0NmL8XBcAeeeVQUmppnnMtzDbDnca6CzhKj3Q8eF9cHCgcdTDdb5K+3aKyGWA0obug=="
  "resolved" "https://registry.npmjs.org/@algolia/autocomplete-shared/-/autocomplete-shared-1.5.2.tgz"
  "version" "1.5.2"

"@algolia/cache-browser-local-storage@4.12.1":
  "integrity" "sha512-ERFFOnC9740xAkuO0iZTQqm2AzU7Dpz/s+g7o48GlZgx5p9GgNcsuK5eS0GoW/tAK+fnKlizCtlFHNuIWuvfsg=="
  "resolved" "https://registry.npmjs.org/@algolia/cache-browser-local-storage/-/cache-browser-local-storage-4.12.1.tgz"
  "version" "4.12.1"
  dependencies:
    "@algolia/cache-common" "4.12.1"

"@algolia/cache-common@4.12.1":
  "integrity" "sha512-UugTER3V40jT+e19Dmph5PKMeliYKxycNPwrPNADin0RcWNfT2QksK9Ff2N2W7UKraqMOzoeDb4LAJtxcK1a8Q=="
  "resolved" "https://registry.npmjs.org/@algolia/cache-common/-/cache-common-4.12.1.tgz"
  "version" "4.12.1"

"@algolia/cache-in-memory@4.12.1":
  "integrity" "sha512-U6iaunaxK1lHsAf02UWF58foKFEcrVLsHwN56UkCtwn32nlP9rz52WOcHsgk6TJrL8NDcO5swMjtOQ5XHESFLw=="
  "resolved" "https://registry.npmjs.org/@algolia/cache-in-memory/-/cache-in-memory-4.12.1.tgz"
  "version" "4.12.1"
  dependencies:
    "@algolia/cache-common" "4.12.1"

"@algolia/client-account@4.12.1":
  "integrity" "sha512-jGo4ConJNoMdTCR2zouO0jO/JcJmzOK6crFxMMLvdnB1JhmMbuIKluOTJVlBWeivnmcsqb7r0v7qTCPW5PAyxQ=="
  "resolved" "https://registry.npmjs.org/@algolia/client-account/-/client-account-4.12.1.tgz"
  "version" "4.12.1"
  dependencies:
    "@algolia/client-common" "4.12.1"
    "@algolia/client-search" "4.12.1"
    "@algolia/transporter" "4.12.1"

"@algolia/client-analytics@4.12.1":
  "integrity" "sha512-h1It7KXzIthlhuhfBk7LteYq72tym9maQDUsyRW0Gft8b6ZQahnRak9gcCvKwhcJ1vJoP7T7JrNYGiYSicTD9g=="
  "resolved" "https://registry.npmjs.org/@algolia/client-analytics/-/client-analytics-4.12.1.tgz"
  "version" "4.12.1"
  dependencies:
    "@algolia/client-common" "4.12.1"
    "@algolia/client-search" "4.12.1"
    "@algolia/requester-common" "4.12.1"
    "@algolia/transporter" "4.12.1"

"@algolia/client-common@4.12.1":
  "integrity" "sha512-obnJ8eSbv+h94Grk83DTGQ3bqhViSWureV6oK1s21/KMGWbb3DkduHm+lcwFrMFkjSUSzosLBHV9EQUIBvueTw=="
  "resolved" "https://registry.npmjs.org/@algolia/client-common/-/client-common-4.12.1.tgz"
  "version" "4.12.1"
  dependencies:
    "@algolia/requester-common" "4.12.1"
    "@algolia/transporter" "4.12.1"

"@algolia/client-personalization@4.12.1":
  "integrity" "sha512-sMSnjjPjRgByGHYygV+5L/E8a6RgU7l2GbpJukSzJ9GRY37tHmBHuvahv8JjdCGJ2p7QDYLnQy5bN5Z02qjc7Q=="
  "resolved" "https://registry.npmjs.org/@algolia/client-personalization/-/client-personalization-4.12.1.tgz"
  "version" "4.12.1"
  dependencies:
    "@algolia/client-common" "4.12.1"
    "@algolia/requester-common" "4.12.1"
    "@algolia/transporter" "4.12.1"

"@algolia/client-search@^4.9.1", "@algolia/client-search@4.12.1":
  "integrity" "sha512-MwwKKprfY6X2nJ5Ki/ccXM2GDEePvVjZnnoOB2io3dLKW4fTqeSRlC5DRXeFD7UM0vOPPHr4ItV2aj19APKNVQ=="
  "resolved" "https://registry.npmjs.org/@algolia/client-search/-/client-search-4.12.1.tgz"
  "version" "4.12.1"
  dependencies:
    "@algolia/client-common" "4.12.1"
    "@algolia/requester-common" "4.12.1"
    "@algolia/transporter" "4.12.1"

"@algolia/logger-common@4.12.1":
  "integrity" "sha512-fCgrzlXGATNqdFTxwx0GsyPXK+Uqrx1SZ3iuY2VGPPqdt1a20clAG2n2OcLHJpvaa6vMFPlJyWvbqAgzxdxBlQ=="
  "resolved" "https://registry.npmjs.org/@algolia/logger-common/-/logger-common-4.12.1.tgz"
  "version" "4.12.1"

"@algolia/logger-console@4.12.1":
  "integrity" "sha512-0owaEnq/davngQMYqxLA4KrhWHiXujQ1CU3FFnyUcMyBR7rGHI48zSOUpqnsAXrMBdSH6rH5BDkSUUFwsh8RkQ=="
  "resolved" "https://registry.npmjs.org/@algolia/logger-console/-/logger-console-4.12.1.tgz"
  "version" "4.12.1"
  dependencies:
    "@algolia/logger-common" "4.12.1"

"@algolia/requester-browser-xhr@4.12.1":
  "integrity" "sha512-OaMxDyG0TZG0oqz1lQh9e3woantAG1bLnuwq3fmypsrQxra4IQZiyn1x+kEb69D2TcXApI5gOgrD4oWhtEVMtw=="
  "resolved" "https://registry.npmjs.org/@algolia/requester-browser-xhr/-/requester-browser-xhr-4.12.1.tgz"
  "version" "4.12.1"
  dependencies:
    "@algolia/requester-common" "4.12.1"

"@algolia/requester-common@4.12.1":
  "integrity" "sha512-XWIrWQNJ1vIrSuL/bUk3ZwNMNxl+aWz6dNboRW6+lGTcMIwc3NBFE90ogbZKhNrFRff8zI4qCF15tjW+Fyhpow=="
  "resolved" "https://registry.npmjs.org/@algolia/requester-common/-/requester-common-4.12.1.tgz"
  "version" "4.12.1"

"@algolia/requester-node-http@4.12.1":
  "integrity" "sha512-awBtwaD+s0hxkA1aehYn8F0t9wqGoBVWgY4JPHBmp1ChO3pK7RKnnvnv7QQa9vTlllX29oPt/BBVgMo1Z3n1Qg=="
  "resolved" "https://registry.npmjs.org/@algolia/requester-node-http/-/requester-node-http-4.12.1.tgz"
  "version" "4.12.1"
  dependencies:
    "@algolia/requester-common" "4.12.1"

"@algolia/transporter@4.12.1":
  "integrity" "sha512-BGeNgdEHc6dXIk2g8kdlOoQ6fQ6OIaKQcplEj7HPoi+XZUeAvRi3Pff3QWd7YmybWkjzd9AnTzieTASDWhL+sQ=="
  "resolved" "https://registry.npmjs.org/@algolia/transporter/-/transporter-4.12.1.tgz"
  "version" "4.12.1"
  dependencies:
    "@algolia/cache-common" "4.12.1"
    "@algolia/logger-common" "4.12.1"
    "@algolia/requester-common" "4.12.1"

"@babel/parser@^7.16.4":
  "integrity" "sha512-7yJPvPV+ESz2IUTPbOL+YkIGyCqOyNIzdguKQuJGnH7bg1WTIifuM21YqokFt/THWh1AkCRn9IgoykTRCBVpzA=="
  "resolved" "https://registry.npmjs.org/@babel/parser/-/parser-7.17.3.tgz"
  "version" "7.17.3"

"@docsearch/css@^3.0.0-alpha.41", "@docsearch/css@3.0.0":
  "integrity" "sha512-1kkV7tkAsiuEd0shunYRByKJe3xQDG2q7wYg24SOw1nV9/2lwEd4WrUYRJC/ukGTl2/kHeFxsaUvtiOy0y6fFA=="
  "resolved" "https://registry.npmjs.org/@docsearch/css/-/css-3.0.0.tgz"
  "version" "3.0.0"

"@docsearch/js@^3.0.0-alpha.41":
  "integrity" "sha512-j3tUJWlgW3slYqzGB8fm7y05kh2qqrIK1dZOXHeMUm/5gdKE85fiz/ltfCPMDFb/MXF+bLZChJXSMzqY0Ck30Q=="
  "resolved" "https://registry.npmjs.org/@docsearch/js/-/js-3.0.0.tgz"
  "version" "3.0.0"
  dependencies:
    "@docsearch/react" "3.0.0"
    "preact" "^10.0.0"

"@docsearch/react@3.0.0":
  "integrity" "sha512-yhMacqS6TVQYoBh/o603zszIb5Bl8MIXuOc6Vy617I74pirisDzzcNh0NEaYQt50fVVR3khUbeEhUEWEWipESg=="
  "resolved" "https://registry.npmjs.org/@docsearch/react/-/react-3.0.0.tgz"
  "version" "3.0.0"
  dependencies:
    "@algolia/autocomplete-core" "1.5.2"
    "@algolia/autocomplete-preset-algolia" "1.5.2"
    "@docsearch/css" "3.0.0"
    "algoliasearch" "^4.0.0"

"@vitejs/plugin-vue@^2.0.0":
  "integrity" "sha512-3C0s45VOwIFEDU+2ownJOpb0zD5fnjXWaHVOLID2R1mYOlAx3doNBFnNbVjaZvpke/L7IdPJXjpyYpXZToDKig=="
  "resolved" "https://registry.npmjs.org/@vitejs/plugin-vue/-/plugin-vue-2.2.2.tgz"
  "version" "2.2.2"

"@vue/compiler-core@3.2.31":
  "integrity" "sha512-aKno00qoA4o+V/kR6i/pE+aP+esng5siNAVQ422TkBNM6qA4veXiZbSe8OTXHXquEi/f6Akc+nLfB4JGfe4/WQ=="
  "resolved" "https://registry.npmjs.org/@vue/compiler-core/-/compiler-core-3.2.31.tgz"
  "version" "3.2.31"
  dependencies:
    "@babel/parser" "^7.16.4"
    "@vue/shared" "3.2.31"
    "estree-walker" "^2.0.2"
    "source-map" "^0.6.1"

"@vue/compiler-dom@3.2.31":
  "integrity" "sha512-60zIlFfzIDf3u91cqfqy9KhCKIJgPeqxgveH2L+87RcGU/alT6BRrk5JtUso0OibH3O7NXuNOQ0cDc9beT0wrg=="
  "resolved" "https://registry.npmjs.org/@vue/compiler-dom/-/compiler-dom-3.2.31.tgz"
  "version" "3.2.31"
  dependencies:
    "@vue/compiler-core" "3.2.31"
    "@vue/shared" "3.2.31"

"@vue/compiler-sfc@3.2.31":
  "integrity" "sha512-748adc9msSPGzXgibHiO6T7RWgfnDcVQD+VVwYgSsyyY8Ans64tALHZANrKtOzvkwznV/F4H7OAod/jIlp/dkQ=="
  "resolved" "https://registry.npmjs.org/@vue/compiler-sfc/-/compiler-sfc-3.2.31.tgz"
  "version" "3.2.31"
  dependencies:
    "@babel/parser" "^7.16.4"
    "@vue/compiler-core" "3.2.31"
    "@vue/compiler-dom" "3.2.31"
    "@vue/compiler-ssr" "3.2.31"
    "@vue/reactivity-transform" "3.2.31"
    "@vue/shared" "3.2.31"
    "estree-walker" "^2.0.2"
    "magic-string" "^0.25.7"
    "postcss" "^8.1.10"
    "source-map" "^0.6.1"

"@vue/compiler-ssr@3.2.31":
  "integrity" "sha512-mjN0rqig+A8TVDnsGPYJM5dpbjlXeHUm2oZHZwGyMYiGT/F4fhJf/cXy8QpjnLQK4Y9Et4GWzHn9PS8AHUnSkw=="
  "resolved" "https://registry.npmjs.org/@vue/compiler-ssr/-/compiler-ssr-3.2.31.tgz"
  "version" "3.2.31"
  dependencies:
    "@vue/compiler-dom" "3.2.31"
    "@vue/shared" "3.2.31"

"@vue/reactivity-transform@3.2.31":
  "integrity" "sha512-uS4l4z/W7wXdI+Va5pgVxBJ345wyGFKvpPYtdSgvfJfX/x2Ymm6ophQlXXB6acqGHtXuBqNyyO3zVp9b1r0MOA=="
  "resolved" "https://registry.npmjs.org/@vue/reactivity-transform/-/reactivity-transform-3.2.31.tgz"
  "version" "3.2.31"
  dependencies:
    "@babel/parser" "^7.16.4"
    "@vue/compiler-core" "3.2.31"
    "@vue/shared" "3.2.31"
    "estree-walker" "^2.0.2"
    "magic-string" "^0.25.7"

"@vue/reactivity@3.2.31":
  "integrity" "sha512-HVr0l211gbhpEKYr2hYe7hRsV91uIVGFYNHj73njbARVGHQvIojkImKMaZNDdoDZOIkMsBc9a1sMqR+WZwfSCw=="
  "resolved" "https://registry.npmjs.org/@vue/reactivity/-/reactivity-3.2.31.tgz"
  "version" "3.2.31"
  dependencies:
    "@vue/shared" "3.2.31"

"@vue/runtime-core@3.2.31":
  "integrity" "sha512-Kcog5XmSY7VHFEMuk4+Gap8gUssYMZ2+w+cmGI6OpZWYOEIcbE0TPzzPHi+8XTzAgx1w/ZxDFcXhZeXN5eKWsA=="
  "resolved" "https://registry.npmjs.org/@vue/runtime-core/-/runtime-core-3.2.31.tgz"
  "version" "3.2.31"
  dependencies:
    "@vue/reactivity" "3.2.31"
    "@vue/shared" "3.2.31"

"@vue/runtime-dom@3.2.31":
  "integrity" "sha512-N+o0sICVLScUjfLG7u9u5XCjvmsexAiPt17GNnaWHJUfsKed5e85/A3SWgKxzlxx2SW/Hw7RQxzxbXez9PtY3g=="
  "resolved" "https://registry.npmjs.org/@vue/runtime-dom/-/runtime-dom-3.2.31.tgz"
  "version" "3.2.31"
  dependencies:
    "@vue/runtime-core" "3.2.31"
    "@vue/shared" "3.2.31"
    "csstype" "^2.6.8"

"@vue/server-renderer@3.2.31":
  "integrity" "sha512-8CN3Zj2HyR2LQQBHZ61HexF5NReqngLT3oahyiVRfSSvak+oAvVmu8iNLSu6XR77Ili2AOpnAt1y8ywjjqtmkg=="
  "resolved" "https://registry.npmjs.org/@vue/server-renderer/-/server-renderer-3.2.31.tgz"
  "version" "3.2.31"
  dependencies:
    "@vue/compiler-ssr" "3.2.31"
    "@vue/shared" "3.2.31"

"@vue/shared@3.2.31":
  "integrity" "sha512-ymN2pj6zEjiKJZbrf98UM2pfDd6F2H7ksKw7NDt/ZZ1fh5Ei39X5tABugtT03ZRlWd9imccoK0hE8hpjpU7irQ=="
  "resolved" "https://registry.npmjs.org/@vue/shared/-/shared-3.2.31.tgz"
  "version" "3.2.31"

"a11y-dialog@^7.3.0":
  "integrity" "sha512-xrpSBbOOtGHT+gXcTk9uXfvfFx1xd3LebBhjpjd5xedzeM2FPqNeT6BvLjB+ej8oEH2fCpDHKn5JIlmiNyV5bA=="
  "resolved" "https://registry.npmjs.org/a11y-dialog/-/a11y-dialog-7.3.0.tgz"
  "version" "7.3.0"
  dependencies:
    "focusable-selectors" "^0.3.1"

"agnostic-helpers@^1.0.2":
  "integrity" "sha512-BizdxC9SYdd0kgY/3lcDeeiSTs4BwUsa0oc5Nsaz5j397rZgC0vO1Tlvj5XOk/1pqTtnBi0ptu0/6CQvdwnsww=="
  "resolved" "https://registry.npmjs.org/agnostic-helpers/-/agnostic-helpers-1.0.2.tgz"
  "version" "1.0.2"

"agnostic-svelte@file:../agnostic-svelte/agnostic-svelte-1.1.9.tgz":
  "integrity" "sha512-692RBrAyyB1nZ0tq4WRkq1kAE/DpvpNeUGAF6m4cZwtKPNTvErbgr+U4u5PlD0oj1p9xxKHXEhGOuULrZHRRzg=="
  "resolved" "file:../agnostic-svelte/agnostic-svelte-1.1.9.tgz"
  "version" "1.1.9"
  dependencies:
    "agnostic-helpers" "^1.0.2"
    "svelte-a11y-dialog" "^0.1.5"

"agnostic-vue@file:../agnostic-vue/agnostic-vue-1.0.17.tgz":
  "integrity" "sha512-TTTERN7AOt9LNdBenlLK2xJTP8MprAvaJcEAp3kBvR7Z5mLmbCmD7y9rexGPX8iaMPyYFULn/CIEO3xeOuXdoQ=="
  "resolved" "file:../agnostic-vue/agnostic-vue-1.0.17.tgz"
  "version" "1.0.17"
  dependencies:
    "agnostic-helpers" "^1.0.2"
    "vue" "^3.2.22"
    "vue-a11y-dialog" "^1.1.0"

"algoliasearch@^4.0.0", "algoliasearch@^4.9.1":
  "integrity" "sha512-c0dM1g3zZBJrkzE5GA/Nu1y3fFxx3LCzxKzcmp2dgGS8P4CjszB/l3lsSh2MSrrK1Hn/KV4BlbBMXtYgG1Bfrw=="
  "resolved" "https://registry.npmjs.org/algoliasearch/-/algoliasearch-4.12.1.tgz"
  "version" "4.12.1"
  dependencies:
    "@algolia/cache-browser-local-storage" "4.12.1"
    "@algolia/cache-common" "4.12.1"
    "@algolia/cache-in-memory" "4.12.1"
    "@algolia/client-account" "4.12.1"
    "@algolia/client-analytics" "4.12.1"
    "@algolia/client-common" "4.12.1"
    "@algolia/client-personalization" "4.12.1"
    "@algolia/client-search" "4.12.1"
    "@algolia/logger-common" "4.12.1"
    "@algolia/logger-console" "4.12.1"
    "@algolia/requester-browser-xhr" "4.12.1"
    "@algolia/requester-common" "4.12.1"
    "@algolia/requester-node-http" "4.12.1"
    "@algolia/transporter" "4.12.1"

"csstype@^2.6.8":
  "integrity" "sha512-ZVxXaNy28/k3kJg0Fou5MiYpp88j7H9hLZp8PDC3jV0WFjfH5E9xHb56L0W59cPbKbcHXeP4qyT8PrHp8t6LcQ=="
  "resolved" "https://registry.npmjs.org/csstype/-/csstype-2.6.19.tgz"
  "version" "2.6.19"

"esbuild-darwin-64@0.14.23":
  "integrity" "sha512-lB0XRbtOYYL1tLcYw8BoBaYsFYiR48RPrA0KfA/7RFTr4MV7Bwy/J4+7nLsVnv9FGuQummM3uJ93J3ptaTqFug=="
  "resolved" "https://registry.npmjs.org/esbuild-darwin-64/-/esbuild-darwin-64-0.14.23.tgz"
  "version" "0.14.23"

"esbuild@^0.14.14":
  "integrity" "sha512-XjnIcZ9KB6lfonCa+jRguXyRYcldmkyZ99ieDksqW/C8bnyEX299yA4QH2XcgijCgaddEZePPTgvx/2imsq7Ig=="
  "resolved" "https://registry.npmjs.org/esbuild/-/esbuild-0.14.23.tgz"
  "version" "0.14.23"
  optionalDependencies:
    "esbuild-android-arm64" "0.14.23"
    "esbuild-darwin-64" "0.14.23"
    "esbuild-darwin-arm64" "0.14.23"
    "esbuild-freebsd-64" "0.14.23"
    "esbuild-freebsd-arm64" "0.14.23"
    "esbuild-linux-32" "0.14.23"
    "esbuild-linux-64" "0.14.23"
    "esbuild-linux-arm" "0.14.23"
    "esbuild-linux-arm64" "0.14.23"
    "esbuild-linux-mips64le" "0.14.23"
    "esbuild-linux-ppc64le" "0.14.23"
    "esbuild-linux-riscv64" "0.14.23"
    "esbuild-linux-s390x" "0.14.23"
    "esbuild-netbsd-64" "0.14.23"
    "esbuild-openbsd-64" "0.14.23"
    "esbuild-sunos-64" "0.14.23"
    "esbuild-windows-32" "0.14.23"
    "esbuild-windows-64" "0.14.23"
    "esbuild-windows-arm64" "0.14.23"

"estree-walker@^2.0.2":
  "integrity" "sha512-Rfkk/Mp/DL7JVje3u18FxFujQlTNR2q6QfMSMB7AvCBx91NGj/ba3kCfza0f6dVDbw7YlRf/nDrn7pQrCCyQ/w=="
  "resolved" "https://registry.npmjs.org/estree-walker/-/estree-walker-2.0.2.tgz"
  "version" "2.0.2"

"focusable-selectors@^0.3.1":
  "integrity" "sha512-5JLtr0e1YJIfmnVlpLiG+av07dd0Xkf/KfswsXcei5KmLfdwOysTQsjF058ynXniujb1fvev7nql1x+CkC5ikw=="
  "resolved" "https://registry.npmjs.org/focusable-selectors/-/focusable-selectors-0.3.1.tgz"
  "version" "0.3.1"

"fsevents@~2.3.2":
  "integrity" "sha512-xiqMQR4xAeHTuB9uWm+fFRcIOgKBMiOBP+eXiyT7jsgVCq1bkVygt00oASowB7EdtpOHaaPgKt812P9ab+DDKA=="
  "resolved" "https://registry.npmjs.org/fsevents/-/fsevents-2.3.2.tgz"
  "version" "2.3.2"

"function-bind@^1.1.1":
  "integrity" "sha512-yIovAzMX49sF8Yl58fSCWJ5svSLuaibPxXQJFLmBObTuCr0Mf1KiPopGM9NiFjiYBCbfaa2Fh6breQ6ANVTI0A=="
  "resolved" "https://registry.npmjs.org/function-bind/-/function-bind-1.1.1.tgz"
  "version" "1.1.1"

"has@^1.0.3":
  "integrity" "sha512-f2dvO0VU6Oej7RkWJGrehjbzMAjFp5/VKPp5tTpWIV4JHHZK1/BxbFRtf/siA2SWTe09caDmVtYYzWEIbBS4zw=="
  "resolved" "https://registry.npmjs.org/has/-/has-1.0.3.tgz"
  "version" "1.0.3"
  dependencies:
    "function-bind" "^1.1.1"

"is-core-module@^2.8.1":
  "integrity" "sha512-SdNCUs284hr40hFTFP6l0IfZ/RSrMXF3qgoRHd3/79unUTvrFO/JoXwkGm+5J/Oe3E/b5GsnG330uUNgRpu1PA=="
  "resolved" "https://registry.npmjs.org/is-core-module/-/is-core-module-2.8.1.tgz"
  "version" "2.8.1"
  dependencies:
    "has" "^1.0.3"

"magic-string@^0.25.7":
  "integrity" "sha512-4CrMT5DOHTDk4HYDlzmwu4FVCcIYI8gauveasrdCu2IKIFOJ3f0v/8MDGJCDL9oD2ppz/Av1b0Nj345H9M+XIA=="
  "resolved" "https://registry.npmjs.org/magic-string/-/magic-string-0.25.7.tgz"
  "version" "0.25.7"
  dependencies:
    "sourcemap-codec" "^1.4.4"

"nanoid@^3.2.0":
  "integrity" "sha512-n6Vs/3KGyxPQd6uO0eH4Bv0ojGSUvuLlIHtC3Y0kEO23YRge8H9x1GCzLn28YX0H66pMkxuaeESFq4tKISKwdw=="
  "resolved" "https://registry.npmjs.org/nanoid/-/nanoid-3.3.1.tgz"
  "version" "3.3.1"

"path-parse@^1.0.7":
  "integrity" "sha512-LDJzPVEEEPR+y48z93A0Ed0yXb8pAByGWo/k5YYdYgpY2/2EsOsksJrq7lOHxryrVOn1ejG6oAp8ahvOIQD8sw=="
  "resolved" "https://registry.npmjs.org/path-parse/-/path-parse-1.0.7.tgz"
  "version" "1.0.7"

"picocolors@^1.0.0":
  "integrity" "sha512-1fygroTLlHu66zi26VoTDv8yRgm0Fccecssto+MhsZ0D/DGW2sm8E8AjW7NU5VVTRt5GxbeZ5qBuJr+HyLYkjQ=="
  "resolved" "https://registry.npmjs.org/picocolors/-/picocolors-1.0.0.tgz"
  "version" "1.0.0"

"postcss@^8.1.10", "postcss@^8.4.6":
  "integrity" "sha512-OovjwIzs9Te46vlEx7+uXB0PLijpwjXGKXjVGGPIGubGpq7uh5Xgf6D6FiJ/SzJMBosHDp6a2hiXOS97iBXcaA=="
  "resolved" "https://registry.npmjs.org/postcss/-/postcss-8.4.6.tgz"
  "version" "8.4.6"
  dependencies:
    "nanoid" "^3.2.0"
    "picocolors" "^1.0.0"
    "source-map-js" "^1.0.2"

"preact@^10.0.0":
  "integrity" "sha512-dgxpTFV2vs4vizwKohYKkk7g7rmp1wOOcfd4Tz3IB3Wi+ivZzsn/SpeKJhRENSE+n8sUfsAl4S3HiCVT923ABw=="
  "resolved" "https://registry.npmjs.org/preact/-/preact-10.6.6.tgz"
  "version" "10.6.6"

"prismjs@^1.25.0":
  "integrity" "sha512-t13BGPUlFDR7wRB5kQDG4jjl7XeuH6jbJGt11JHPL96qwsEHNX2+68tFXqc1/k+/jALsbSWJKUOT/hcYAZ5LkA=="
  "resolved" "https://registry.npmjs.org/prismjs/-/prismjs-1.27.0.tgz"
  "version" "1.27.0"

"resolve@^1.22.0":
  "integrity" "sha512-Hhtrw0nLeSrFQ7phPp4OOcVjLPIeMnRlr5mcnVuMe7M/7eBn98A3hmFRLoFo3DLZkivSYwhRUJTyPyWAk56WLw=="
  "resolved" "https://registry.npmjs.org/resolve/-/resolve-1.22.0.tgz"
  "version" "1.22.0"
  dependencies:
    "is-core-module" "^2.8.1"
    "path-parse" "^1.0.7"
    "supports-preserve-symlinks-flag" "^1.0.0"

"rollup@^2.59.0":
  "integrity" "sha512-XrMKOYK7oQcTio4wyTz466mucnd8LzkiZLozZ4Rz0zQD+HeX4nUK4B8GrTX/2EvN2/vBF/i2WnaXboPxo0JylA=="
  "resolved" "https://registry.npmjs.org/rollup/-/rollup-2.68.0.tgz"
  "version" "2.68.0"
  optionalDependencies:
    "fsevents" "~2.3.2"

"source-map-js@^1.0.2":
  "integrity" "sha512-R0XvVJ9WusLiqTCEiGCmICCMplcCkIwwR11mOSD9CR5u+IXYdiseeEuXCVAjS54zqwkLcPNnmU4OeJ6tUrWhDw=="
  "resolved" "https://registry.npmjs.org/source-map-js/-/source-map-js-1.0.2.tgz"
  "version" "1.0.2"

"source-map@^0.6.1":
  "integrity" "sha512-UjgapumWlbMhkBgzT7Ykc5YXUT46F0iKu8SGXq0bcwP5dz/h0Plj6enJqjz1Zbq2l5WaqYnrVbwWOWMyF3F47g=="
  "resolved" "https://registry.npmjs.org/source-map/-/source-map-0.6.1.tgz"
  "version" "0.6.1"

"sourcemap-codec@^1.4.4":
  "integrity" "sha512-9NykojV5Uih4lgo5So5dtw+f0JgJX30KCNI8gwhz2J9A15wD0Ml6tjHKwf6fTSa6fAdVBdZeNOs9eJ71qCk8vA=="
  "resolved" "https://registry.npmjs.org/sourcemap-codec/-/sourcemap-codec-1.4.8.tgz"
  "version" "1.4.8"

"supports-preserve-symlinks-flag@^1.0.0":
  "integrity" "sha512-ot0WnXS9fgdkgIcePe6RHNk1WA8+muPa6cSjeR3V8K27q9BB1rTE3R1p7Hv0z1ZyAc8s6Vvv8DIyWf681MAt0w=="
  "resolved" "https://registry.npmjs.org/supports-preserve-symlinks-flag/-/supports-preserve-symlinks-flag-1.0.0.tgz"
  "version" "1.0.0"

"svelte-a11y-dialog@^0.1.5":
  "integrity" "sha512-yk+Fbr48SMq7ut5DfUc9c2IzdGqOMcBpJUGYFb0HkF2hjdtS1er5+Xr+UsEg44ga2dFquQnPssZU/1XsV98dAw=="
  "resolved" "https://registry.npmjs.org/svelte-a11y-dialog/-/svelte-a11y-dialog-0.1.5.tgz"
  "version" "0.1.5"
  dependencies:
    "a11y-dialog" "^7.3.0"

"vite@^2.5.10", "vite@^2.7.0":
  "integrity" "sha512-GwtOkkaT2LDI82uWZKcrpRQxP5tymLnC7hVHHqNkhFNknYr0hJUlDLfhVRgngJvAy3RwypkDCWtTKn1BjO96Dw=="
  "resolved" "https://registry.npmjs.org/vite/-/vite-2.8.4.tgz"
  "version" "2.8.4"
  dependencies:
    "esbuild" "^0.14.14"
    "postcss" "^8.4.6"
    "resolve" "^1.22.0"
    "rollup" "^2.59.0"
  optionalDependencies:
    "fsevents" "~2.3.2"

"vitepress@^0.20.1":
  "integrity" "sha512-dKgH6k1yxdEjIIxoXGI0vMg3lpBLvMarre/vvt4beuxd+rXOUB1a7DAtXDmgIXOMGQ7IcF+4zyd2132IedhjtQ=="
  "resolved" "https://registry.npmjs.org/vitepress/-/vitepress-0.20.10.tgz"
  "version" "0.20.10"
  dependencies:
    "@docsearch/css" "^3.0.0-alpha.41"
    "@docsearch/js" "^3.0.0-alpha.41"
    "@vitejs/plugin-vue" "^2.0.0"
    "prismjs" "^1.25.0"
    "vite" "^2.7.0"
    "vue" "^3.2.26"

"vue-a11y-dialog@^1.1.0":
  "integrity" "sha512-lHYtHlwp39riGZjkskFg5mLP0ebvhXoJ3sdX2ev3nyDc53d3rvfVuiDittH5bb1OidrCO6B1UR4oFPnRn7wrXA=="
  "resolved" "https://registry.npmjs.org/vue-a11y-dialog/-/vue-a11y-dialog-1.1.1.tgz"
  "version" "1.1.1"
  dependencies:
    "a11y-dialog" "^7.3.0"
    "vue" "^3.2.26"

"vue@^3.2.22", "vue@^3.2.25", "vue@^3.2.26", "vue@3.2.31":
  "integrity" "sha512-odT3W2tcffTiQCy57nOT93INw1auq5lYLLYtWpPYQQYQOOdHiqFct9Xhna6GJ+pJQaF67yZABraH47oywkJgFw=="
  "resolved" "https://registry.npmjs.org/vue/-/vue-3.2.31.tgz"
  "version" "3.2.31"
  dependencies:
    "@vue/compiler-dom" "3.2.31"
    "@vue/compiler-sfc" "3.2.31"
    "@vue/runtime-dom" "3.2.31"
    "@vue/server-renderer" "3.2.31"
    "@vue/shared" "3.2.31"
